
Microsoft Visual Studio Solution File, Format Version 11.00
# Visual C++ Express 2010
Project("{8BC9CEB8-8B4A-11D0-8D11-00A0C91BC942}") = "PROYECTO_LISTAS", "PROYECTO_LISTAS\PROYECTO_LISTAS.vcxproj", "{38246C4B-01BF-4642-81D8-8A8566352A5C}"
EndProject
Global
	GlobalSection(SolutionConfigurationPlatforms) = preSolution
		Debug|Win32 = Debug|Win32
		Release|Win32 = Release|Win32
	EndGlobalSection
	GlobalSection(ProjectConfigurationPlatforms) = postSolution
		{38246C4B-01BF-4642-81D8-8A8566352A5C}.Debug|Win32.ActiveCfg = Debug|Win32
		{38246C4B-01BF-4642-81D8-8A8566352A5C}.Debug|Win32.Build.0 = Debug|Win32
		{38246C4B-01BF-4642-81D8-8A8566352A5C}.Release|Win32.ActiveCfg = Release|Win32
		{38246C4B-01BF-4642-81D8-8A8566352A5C}.Release|Win32.Build.0 = Release|Win32
	EndGlobalSection
	GlobalSection(SolutionProperties) = preSolution
		HideSolutionNode = FALSE
	EndGlobalSection
EndGlobal
